
Microsoft Visual Studio Solution File, Format Version 12.00
# Visual Studio Version 17
VisualStudioVersion = 17.10.34928.147
MinimumVisualStudioVersion = 10.0.40219.1
Project("{FAE04EC0-301F-11D3-BF4B-00C04F79EFBC}") = "ChangeWindowsColors", "ChangeWindowsColors\ChangeWindowsColors.csproj", "{C273BA55-F78C-473A-9A0E-779A8A0EA8E8}"
EndProject
Global
	GlobalSection(SolutionConfigurationPlatforms) = preSolution
		Debug|Any CPU = Debug|Any CPU
		Release|Any CPU = Release|Any CPU
	EndGlobalSection
	GlobalSection(ProjectConfigurationPlatforms) = postSolution
		{C273BA55-F78C-473A-9A0E-779A8A0EA8E8}.Debug|Any CPU.ActiveCfg = Debug|Any CPU
		{C273BA55-F78C-473A-9A0E-779A8A0EA8E8}.Debug|Any CPU.Build.0 = Debug|Any CPU
		{C273BA55-F78C-473A-9A0E-779A8A0EA8E8}.Release|Any CPU.ActiveCfg = Release|Any CPU
		{C273BA55-F78C-473A-9A0E-779A8A0EA8E8}.Release|Any CPU.Build.0 = Release|Any CPU
	EndGlobalSection
	GlobalSection(SolutionProperties) = preSolution
		HideSolutionNode = FALSE
	EndGlobalSection
	GlobalSection(ExtensibilityGlobals) = postSolution
		SolutionGuid = {A37E2ABC-27D7-4C57-9876-778AB0F09446}
	EndGlobalSection
EndGlobal
